// !$*UTF8*$!
{
	archiveVersion = 1;
	classes = {
	};
	objectVersion = 55;
	objects = {

/* Begin PBXBuildFile section */
		8810041427C45BF4002631AD /* AppDelegate.swift in Sources */ = {isa = PBXBuildFile; fileRef = 8810041327C45BF4002631AD /* AppDelegate.swift */; };
		8810041627C45BF4002631AD /* SceneDelegate.swift in Sources */ = {isa = PBXBuildFile; fileRef = 8810041527C45BF4002631AD /* SceneDelegate.swift */; };
		8810041D27C45BF5002631AD /* Assets.xcassets in Resources */ = {isa = PBXBuildFile; fileRef = 8810041C27C45BF5002631AD /* Assets.xcassets */; };
		8810042027C45BF5002631AD /* LaunchScreen.storyboard in Resources */ = {isa = PBXBuildFile; fileRef = 8810041E27C45BF5002631AD /* LaunchScreen.storyboard */; };
		8826473F27D984B600A275C0 /* HomeCell.swift in Sources */ = {isa = PBXBuildFile; fileRef = 8826473D27D984B600A275C0 /* HomeCell.swift */; };
		8826474027D984B600A275C0 /* HomeCell.xib in Resources */ = {isa = PBXBuildFile; fileRef = 8826473E27D984B600A275C0 /* HomeCell.xib */; };
		8826474227D9856700A275C0 /* HomeVC.swift in Sources */ = {isa = PBXBuildFile; fileRef = 8826474127D9856700A275C0 /* HomeVC.swift */; };
		8826474527D9857E00A275C0 /* HomeVC.storyboard in Resources */ = {isa = PBXBuildFile; fileRef = 8826474427D9857E00A275C0 /* HomeVC.storyboard */; };
		886B462727DF5A79009F572A /* CadastroDoacaoTableViewCell.swift in Sources */ = {isa = PBXBuildFile; fileRef = 886B462527DF5A79009F572A /* CadastroDoacaoTableViewCell.swift */; };
		886B462827DF5A79009F572A /* CadastroDoacaoTableViewCell.xib in Resources */ = {isa = PBXBuildFile; fileRef = 886B462627DF5A79009F572A /* CadastroDoacaoTableViewCell.xib */; };
		886B462A27DF631D009F572A /* CadastroDoacaoVC.swift in Sources */ = {isa = PBXBuildFile; fileRef = 886B462927DF631D009F572A /* CadastroDoacaoVC.swift */; };
		886B462C27DF6327009F572A /* CadastroDoacaoVC.storyboard in Resources */ = {isa = PBXBuildFile; fileRef = 886B462B27DF6326009F572A /* CadastroDoacaoVC.storyboard */; };
		888AE5C527EE5FC000B32610 /* ErrorTableViewCell.swift in Sources */ = {isa = PBXBuildFile; fileRef = 888AE5C327EE5FC000B32610 /* ErrorTableViewCell.swift */; };
		888AE5C627EE5FC000B32610 /* ErrorTableViewCell.xib in Resources */ = {isa = PBXBuildFile; fileRef = 888AE5C427EE5FC000B32610 /* ErrorTableViewCell.xib */; };
		8894500227DA1FD500FAD8DD /* ProfileCell.swift in Sources */ = {isa = PBXBuildFile; fileRef = 8894500027DA1FD500FAD8DD /* ProfileCell.swift */; };
		8894500327DA1FD500FAD8DD /* ProfileCell.xib in Resources */ = {isa = PBXBuildFile; fileRef = 8894500127DA1FD500FAD8DD /* ProfileCell.xib */; };
		8894500527DA263B00FAD8DD /* ProfileViewController.swift in Sources */ = {isa = PBXBuildFile; fileRef = 8894500427DA263B00FAD8DD /* ProfileViewController.swift */; };
		8894500727DA264500FAD8DD /* ProfileViewController.storyboard in Resources */ = {isa = PBXBuildFile; fileRef = 8894500627DA264500FAD8DD /* ProfileViewController.storyboard */; };
		889715F527E3A0EE00BEB9E5 /* PicCadastroDoacaoTableViewCell.swift in Sources */ = {isa = PBXBuildFile; fileRef = 889715F327E3A0EE00BEB9E5 /* PicCadastroDoacaoTableViewCell.swift */; };
		889715F627E3A0EE00BEB9E5 /* PicCadastroDoacaoTableViewCell.xib in Resources */ = {isa = PBXBuildFile; fileRef = 889715F427E3A0EE00BEB9E5 /* PicCadastroDoacaoTableViewCell.xib */; };
		889715F827E3D9FF00BEB9E5 /* ForgotPasswordViewController.swift in Sources */ = {isa = PBXBuildFile; fileRef = 889715F727E3D9FF00BEB9E5 /* ForgotPasswordViewController.swift */; };
		88991A3227C84AFB008A6EDD /* LoginVCViewController.swift in Sources */ = {isa = PBXBuildFile; fileRef = 88991A3027C84AFB008A6EDD /* LoginVCViewController.swift */; };
		88991A3327C84AFB008A6EDD /* LoginVC.storyboard in Resources */ = {isa = PBXBuildFile; fileRef = 88991A3127C84AFB008A6EDD /* LoginVC.storyboard */; };
		88991A3727C84EB1008A6EDD /* CadastroVC.swift in Sources */ = {isa = PBXBuildFile; fileRef = 88991A3527C84EB1008A6EDD /* CadastroVC.swift */; };
		88991A3827C84EB1008A6EDD /* CadastroVC.storyboard in Resources */ = {isa = PBXBuildFile; fileRef = 88991A3627C84EB1008A6EDD /* CadastroVC.storyboard */; };
		88991A3B27C84FD3008A6EDD /* TabBar.storyboard in Resources */ = {isa = PBXBuildFile; fileRef = 88991A3A27C84FD3008A6EDD /* TabBar.storyboard */; };
		88B2861B27DB99B8006642F0 /* ErroVC.storyboard in Resources */ = {isa = PBXBuildFile; fileRef = 88B2861A27DB99B8006642F0 /* ErroVC.storyboard */; };
		88B2861D27DB99C1006642F0 /* ErroVC.swift in Sources */ = {isa = PBXBuildFile; fileRef = 88B2861C27DB99C1006642F0 /* ErroVC.swift */; };
		88F8880E27C6D8C80038CA2D /* BaseViewController.swift in Sources */ = {isa = PBXBuildFile; fileRef = 88F8880D27C6D8C80038CA2D /* BaseViewController.swift */; };
		B505EB6027E376CC00902EDC /* MessageTableViewCell.swift in Sources */ = {isa = PBXBuildFile; fileRef = B505EB5E27E376CC00902EDC /* MessageTableViewCell.swift */; };
		B505EB6327E3774A00902EDC /* MessageTableViewCell.xib in Resources */ = {isa = PBXBuildFile; fileRef = B505EB6227E3774A00902EDC /* MessageTableViewCell.xib */; };
		B505EB6527E3786D00902EDC /* MessageViewController.swift in Sources */ = {isa = PBXBuildFile; fileRef = B505EB6427E3786D00902EDC /* MessageViewController.swift */; };
		B505EB6727E3789B00902EDC /* MessageVC.storyboard in Resources */ = {isa = PBXBuildFile; fileRef = B505EB6627E3789B00902EDC /* MessageVC.storyboard */; };
		B519183127E38F22001D396F /* NotificacaoTableViewCell.xib in Resources */ = {isa = PBXBuildFile; fileRef = B519182F27E38F22001D396F /* NotificacaoTableViewCell.xib */; };
		B519183227E38F22001D396F /* NotificacaoTableViewCell.swift in Sources */ = {isa = PBXBuildFile; fileRef = B519183027E38F22001D396F /* NotificacaoTableViewCell.swift */; };
		B519183427E3901A001D396F /* NotificacaoViewController.swift in Sources */ = {isa = PBXBuildFile; fileRef = B519183327E3901A001D396F /* NotificacaoViewController.swift */; };
		D52FB76D27CD1C1400EBF270 /* Detalhe.storyboard in Resources */ = {isa = PBXBuildFile; fileRef = D52FB76C27CD1C1400EBF270 /* Detalhe.storyboard */; };
		D52FB76F27CD1C6B00EBF270 /* DetalheViewController.swift in Sources */ = {isa = PBXBuildFile; fileRef = D52FB76E27CD1C6B00EBF270 /* DetalheViewController.swift */; };
		D55B9E7427E0E5C400D4D961 /* PetCollectionViewCell.swift in Sources */ = {isa = PBXBuildFile; fileRef = D55B9E7227E0E5C400D4D961 /* PetCollectionViewCell.swift */; };
		D55B9E7527E0E5C400D4D961 /* PetCollectionViewCell.xib in Resources */ = {isa = PBXBuildFile; fileRef = D55B9E7327E0E5C400D4D961 /* PetCollectionViewCell.xib */; };
		D55B9E7727E0F17000D4D961 /* QueroAdotarViewController.swift in Sources */ = {isa = PBXBuildFile; fileRef = D55B9E7627E0F17000D4D961 /* QueroAdotarViewController.swift */; };
		D55B9E7927E12B9200D4D961 /* FavoritosViewController.swift in Sources */ = {isa = PBXBuildFile; fileRef = D55B9E7827E12B9200D4D961 /* FavoritosViewController.swift */; };
		D55B9E7B27E12BA500D4D961 /* PetsCadastradosViewController.swift in Sources */ = {isa = PBXBuildFile; fileRef = D55B9E7A27E12BA500D4D961 /* PetsCadastradosViewController.swift */; };
		D55B9E8127E139E500D4D961 /* SemPetsFavoritosView.xib in Resources */ = {isa = PBXBuildFile; fileRef = D55B9E8027E139E500D4D961 /* SemPetsFavoritosView.xib */; };
		D55B9ED527E2597B00D4D961 /* SemPetsCadastrados.xib in Resources */ = {isa = PBXBuildFile; fileRef = D55B9ED427E2597B00D4D961 /* SemPetsCadastrados.xib */; };
		D55B9ED927E25CB300D4D961 /* PetNaoEncontradoFiltro.xib in Resources */ = {isa = PBXBuildFile; fileRef = D55B9ED827E25CB300D4D961 /* PetNaoEncontradoFiltro.xib */; };
		D55B9EDB27E28EA600D4D961 /* FiltroViewController.swift in Sources */ = {isa = PBXBuildFile; fileRef = D55B9EDA27E28EA600D4D961 /* FiltroViewController.swift */; };
/* End PBXBuildFile section */

/* Begin PBXFileReference section */
		8810041027C45BF4002631AD /* iPet.app */ = {isa = PBXFileReference; explicitFileType = wrapper.application; includeInIndex = 0; path = iPet.app; sourceTree = BUILT_PRODUCTS_DIR; };
		8810041327C45BF4002631AD /* AppDelegate.swift */ = {isa = PBXFileReference; lastKnownFileType = sourcecode.swift; path = AppDelegate.swift; sourceTree = "<group>"; };
		8810041527C45BF4002631AD /* SceneDelegate.swift */ = {isa = PBXFileReference; lastKnownFileType = sourcecode.swift; path = SceneDelegate.swift; sourceTree = "<group>"; };
		8810041C27C45BF5002631AD /* Assets.xcassets */ = {isa = PBXFileReference; lastKnownFileType = folder.assetcatalog; path = Assets.xcassets; sourceTree = "<group>"; };
		8810041F27C45BF5002631AD /* Base */ = {isa = PBXFileReference; lastKnownFileType = file.storyboard; name = Base; path = Base.lproj/LaunchScreen.storyboard; sourceTree = "<group>"; };
		8810042127C45BF5002631AD /* Info.plist */ = {isa = PBXFileReference; lastKnownFileType = text.plist.xml; path = Info.plist; sourceTree = "<group>"; };
		8826473D27D984B600A275C0 /* HomeCell.swift */ = {isa = PBXFileReference; lastKnownFileType = sourcecode.swift; path = HomeCell.swift; sourceTree = "<group>"; };
		8826473E27D984B600A275C0 /* HomeCell.xib */ = {isa = PBXFileReference; lastKnownFileType = file.xib; path = HomeCell.xib; sourceTree = "<group>"; };
		8826474127D9856700A275C0 /* HomeVC.swift */ = {isa = PBXFileReference; lastKnownFileType = sourcecode.swift; path = HomeVC.swift; sourceTree = "<group>"; };
		8826474427D9857E00A275C0 /* HomeVC.storyboard */ = {isa = PBXFileReference; lastKnownFileType = file.storyboard; path = HomeVC.storyboard; sourceTree = "<group>"; };
		886B462527DF5A79009F572A /* CadastroDoacaoTableViewCell.swift */ = {isa = PBXFileReference; lastKnownFileType = sourcecode.swift; path = CadastroDoacaoTableViewCell.swift; sourceTree = "<group>"; };
		886B462627DF5A79009F572A /* CadastroDoacaoTableViewCell.xib */ = {isa = PBXFileReference; lastKnownFileType = file.xib; path = CadastroDoacaoTableViewCell.xib; sourceTree = "<group>"; };
		886B462927DF631D009F572A /* CadastroDoacaoVC.swift */ = {isa = PBXFileReference; lastKnownFileType = sourcecode.swift; path = CadastroDoacaoVC.swift; sourceTree = "<group>"; };
		886B462B27DF6326009F572A /* CadastroDoacaoVC.storyboard */ = {isa = PBXFileReference; lastKnownFileType = file.storyboard; path = CadastroDoacaoVC.storyboard; sourceTree = "<group>"; };
		888AE5C327EE5FC000B32610 /* ErrorTableViewCell.swift */ = {isa = PBXFileReference; lastKnownFileType = sourcecode.swift; path = ErrorTableViewCell.swift; sourceTree = "<group>"; };
		888AE5C427EE5FC000B32610 /* ErrorTableViewCell.xib */ = {isa = PBXFileReference; lastKnownFileType = file.xib; path = ErrorTableViewCell.xib; sourceTree = "<group>"; };
		8894500027DA1FD500FAD8DD /* ProfileCell.swift */ = {isa = PBXFileReference; lastKnownFileType = sourcecode.swift; path = ProfileCell.swift; sourceTree = "<group>"; };
		8894500127DA1FD500FAD8DD /* ProfileCell.xib */ = {isa = PBXFileReference; lastKnownFileType = file.xib; path = ProfileCell.xib; sourceTree = "<group>"; };
		8894500427DA263B00FAD8DD /* ProfileViewController.swift */ = {isa = PBXFileReference; lastKnownFileType = sourcecode.swift; path = ProfileViewController.swift; sourceTree = "<group>"; };
		8894500627DA264500FAD8DD /* ProfileViewController.storyboard */ = {isa = PBXFileReference; lastKnownFileType = file.storyboard; path = ProfileViewController.storyboard; sourceTree = "<group>"; };
		889715F327E3A0EE00BEB9E5 /* PicCadastroDoacaoTableViewCell.swift */ = {isa = PBXFileReference; lastKnownFileType = sourcecode.swift; path = PicCadastroDoacaoTableViewCell.swift; sourceTree = "<group>"; };
		889715F427E3A0EE00BEB9E5 /* PicCadastroDoacaoTableViewCell.xib */ = {isa = PBXFileReference; lastKnownFileType = file.xib; path = PicCadastroDoacaoTableViewCell.xib; sourceTree = "<group>"; };
		889715F727E3D9FF00BEB9E5 /* ForgotPasswordViewController.swift */ = {isa = PBXFileReference; lastKnownFileType = sourcecode.swift; path = ForgotPasswordViewController.swift; sourceTree = "<group>"; };
		88991A3027C84AFB008A6EDD /* LoginVCViewController.swift */ = {isa = PBXFileReference; fileEncoding = 4; lastKnownFileType = sourcecode.swift; path = LoginVCViewController.swift; sourceTree = "<group>"; };
		88991A3127C84AFB008A6EDD /* LoginVC.storyboard */ = {isa = PBXFileReference; fileEncoding = 4; lastKnownFileType = file.storyboard; path = LoginVC.storyboard; sourceTree = "<group>"; };
		88991A3527C84EB1008A6EDD /* CadastroVC.swift */ = {isa = PBXFileReference; fileEncoding = 4; lastKnownFileType = sourcecode.swift; path = CadastroVC.swift; sourceTree = "<group>"; };
		88991A3627C84EB1008A6EDD /* CadastroVC.storyboard */ = {isa = PBXFileReference; fileEncoding = 4; lastKnownFileType = file.storyboard; path = CadastroVC.storyboard; sourceTree = "<group>"; };
		88991A3A27C84FD3008A6EDD /* TabBar.storyboard */ = {isa = PBXFileReference; fileEncoding = 4; lastKnownFileType = file.storyboard; path = TabBar.storyboard; sourceTree = "<group>"; };
		88B2861A27DB99B8006642F0 /* ErroVC.storyboard */ = {isa = PBXFileReference; lastKnownFileType = file.storyboard; path = ErroVC.storyboard; sourceTree = "<group>"; };
		88B2861C27DB99C1006642F0 /* ErroVC.swift */ = {isa = PBXFileReference; lastKnownFileType = sourcecode.swift; path = ErroVC.swift; sourceTree = "<group>"; };
		88F8880D27C6D8C80038CA2D /* BaseViewController.swift */ = {isa = PBXFileReference; lastKnownFileType = sourcecode.swift; path = BaseViewController.swift; sourceTree = "<group>"; };
		B505EB5E27E376CC00902EDC /* MessageTableViewCell.swift */ = {isa = PBXFileReference; lastKnownFileType = sourcecode.swift; path = MessageTableViewCell.swift; sourceTree = "<group>"; };
		B505EB6227E3774A00902EDC /* MessageTableViewCell.xib */ = {isa = PBXFileReference; fileEncoding = 4; lastKnownFileType = file.xib; path = MessageTableViewCell.xib; sourceTree = "<group>"; };
		B505EB6427E3786D00902EDC /* MessageViewController.swift */ = {isa = PBXFileReference; lastKnownFileType = sourcecode.swift; path = MessageViewController.swift; sourceTree = "<group>"; };
		B505EB6627E3789B00902EDC /* MessageVC.storyboard */ = {isa = PBXFileReference; lastKnownFileType = file.storyboard; path = MessageVC.storyboard; sourceTree = "<group>"; };
		B519182F27E38F22001D396F /* NotificacaoTableViewCell.xib */ = {isa = PBXFileReference; fileEncoding = 4; lastKnownFileType = file.xib; path = NotificacaoTableViewCell.xib; sourceTree = "<group>"; };
		B519183027E38F22001D396F /* NotificacaoTableViewCell.swift */ = {isa = PBXFileReference; fileEncoding = 4; lastKnownFileType = sourcecode.swift; path = NotificacaoTableViewCell.swift; sourceTree = "<group>"; };
		B519183327E3901A001D396F /* NotificacaoViewController.swift */ = {isa = PBXFileReference; lastKnownFileType = sourcecode.swift; path = NotificacaoViewController.swift; sourceTree = "<group>"; };
		D52FB76C27CD1C1400EBF270 /* Detalhe.storyboard */ = {isa = PBXFileReference; lastKnownFileType = file.storyboard; path = Detalhe.storyboard; sourceTree = "<group>"; };
		D52FB76E27CD1C6B00EBF270 /* DetalheViewController.swift */ = {isa = PBXFileReference; lastKnownFileType = sourcecode.swift; path = DetalheViewController.swift; sourceTree = "<group>"; };
		D55B9E7227E0E5C400D4D961 /* PetCollectionViewCell.swift */ = {isa = PBXFileReference; lastKnownFileType = sourcecode.swift; path = PetCollectionViewCell.swift; sourceTree = "<group>"; };
		D55B9E7327E0E5C400D4D961 /* PetCollectionViewCell.xib */ = {isa = PBXFileReference; lastKnownFileType = file.xib; path = PetCollectionViewCell.xib; sourceTree = "<group>"; };
		D55B9E7627E0F17000D4D961 /* QueroAdotarViewController.swift */ = {isa = PBXFileReference; lastKnownFileType = sourcecode.swift; path = QueroAdotarViewController.swift; sourceTree = "<group>"; };
		D55B9E7827E12B9200D4D961 /* FavoritosViewController.swift */ = {isa = PBXFileReference; lastKnownFileType = sourcecode.swift; path = FavoritosViewController.swift; sourceTree = "<group>"; };
		D55B9E7A27E12BA500D4D961 /* PetsCadastradosViewController.swift */ = {isa = PBXFileReference; lastKnownFileType = sourcecode.swift; path = PetsCadastradosViewController.swift; sourceTree = "<group>"; };
		D55B9E8027E139E500D4D961 /* SemPetsFavoritosView.xib */ = {isa = PBXFileReference; lastKnownFileType = file.xib; path = SemPetsFavoritosView.xib; sourceTree = "<group>"; };
		D55B9ED427E2597B00D4D961 /* SemPetsCadastrados.xib */ = {isa = PBXFileReference; lastKnownFileType = file.xib; path = SemPetsCadastrados.xib; sourceTree = "<group>"; };
		D55B9ED827E25CB300D4D961 /* PetNaoEncontradoFiltro.xib */ = {isa = PBXFileReference; lastKnownFileType = file.xib; path = PetNaoEncontradoFiltro.xib; sourceTree = "<group>"; };
		D55B9EDA27E28EA600D4D961 /* FiltroViewController.swift */ = {isa = PBXFileReference; lastKnownFileType = sourcecode.swift; path = FiltroViewController.swift; sourceTree = "<group>"; };
/* End PBXFileReference section */

/* Begin PBXFrameworksBuildPhase section */
		8810040D27C45BF4002631AD /* Frameworks */ = {
			isa = PBXFrameworksBuildPhase;
			buildActionMask = 2147483647;
			files = (
			);
			runOnlyForDeploymentPostprocessing = 0;
		};
/* End PBXFrameworksBuildPhase section */

/* Begin PBXGroup section */
		8810040727C45BF4002631AD = {
			isa = PBXGroup;
			children = (
				8810041227C45BF4002631AD /* iPet */,
				8810041127C45BF4002631AD /* Products */,
			);
			sourceTree = "<group>";
		};
		8810041127C45BF4002631AD /* Products */ = {
			isa = PBXGroup;
			children = (
				8810041027C45BF4002631AD /* iPet.app */,
			);
			name = Products;
			sourceTree = "<group>";
		};
		8810041227C45BF4002631AD /* iPet */ = {
			isa = PBXGroup;
			children = (
				88991A2E27C84AFB008A6EDD /* Features */,
				88F8880C27C6D8A70038CA2D /* BaseViewController */,
				8810041327C45BF4002631AD /* AppDelegate.swift */,
				8810041527C45BF4002631AD /* SceneDelegate.swift */,
				8810041C27C45BF5002631AD /* Assets.xcassets */,
				8810041E27C45BF5002631AD /* LaunchScreen.storyboard */,
				8810042127C45BF5002631AD /* Info.plist */,
			);
			path = iPet;
			sourceTree = "<group>";
		};
		8826473B27D9847500A275C0 /* Home */ = {
			isa = PBXGroup;
			children = (
				8826473C27D9848600A275C0 /* Cell */,
				8826474427D9857E00A275C0 /* HomeVC.storyboard */,
				8826474127D9856700A275C0 /* HomeVC.swift */,
			);
			path = Home;
			sourceTree = "<group>";
		};
		8826473C27D9848600A275C0 /* Cell */ = {
			isa = PBXGroup;
			children = (
				8826473D27D984B600A275C0 /* HomeCell.swift */,
				8826473E27D984B600A275C0 /* HomeCell.xib */,
			);
			path = Cell;
			sourceTree = "<group>";
		};
		886B462327DF5A44009F572A /* Cadastro de Doação */ = {
			isa = PBXGroup;
			children = (
				886B462427DF5A60009F572A /* Cell */,
				886B462927DF631D009F572A /* CadastroDoacaoVC.swift */,
				886B462B27DF6326009F572A /* CadastroDoacaoVC.storyboard */,
			);
			name = "Cadastro de Doação";
			path = "Cadastro de Doação";
			sourceTree = "<group>";
		};
		886B462427DF5A60009F572A /* Cell */ = {
			isa = PBXGroup;
			children = (
				886B462527DF5A79009F572A /* CadastroDoacaoTableViewCell.swift */,
				886B462627DF5A79009F572A /* CadastroDoacaoTableViewCell.xib */,
				889715F327E3A0EE00BEB9E5 /* PicCadastroDoacaoTableViewCell.swift */,
				889715F427E3A0EE00BEB9E5 /* PicCadastroDoacaoTableViewCell.xib */,
			);
			path = Cell;
			sourceTree = "<group>";
		};
		888AE5C227EE5FAB00B32610 /* Cell */ = {
			isa = PBXGroup;
			children = (
				888AE5C327EE5FC000B32610 /* ErrorTableViewCell.swift */,
				888AE5C427EE5FC000B32610 /* ErrorTableViewCell.xib */,
			);
			path = Cell;
			sourceTree = "<group>";
		};
		88944FFE27DA1FA200FAD8DD /* Meu Perfil */ = {
			isa = PBXGroup;
			children = (
				88944FFF27DA1FAD00FAD8DD /* Cell */,
				8894500427DA263B00FAD8DD /* ProfileViewController.swift */,
				8894500627DA264500FAD8DD /* ProfileViewController.storyboard */,
			);
			path = "Meu Perfil";
			sourceTree = "<group>";
		};
		88944FFF27DA1FAD00FAD8DD /* Cell */ = {
			isa = PBXGroup;
			children = (
				8894500027DA1FD500FAD8DD /* ProfileCell.swift */,
				8894500127DA1FD500FAD8DD /* ProfileCell.xib */,
			);
			path = Cell;
			sourceTree = "<group>";
		};
		88991A2E27C84AFB008A6EDD /* Features */ = {
			isa = PBXGroup;
			children = (
				B505EB5C27E3763800902EDC /* Chat */,
				886B462327DF5A44009F572A /* Cadastro de Doação */,
				88B2861927DB997F006642F0 /* Tela de Erro */,
				88944FFE27DA1FA200FAD8DD /* Meu Perfil */,
				8826473B27D9847500A275C0 /* Home */,
				D52FB76B27CD1BC900EBF270 /* Detalhe */,
				88991A3927C84FD3008A6EDD /* TabBarController */,
				88991A3427C84EB1008A6EDD /* Cadastro */,
				88991A2F27C84AFB008A6EDD /* Login */,
			);
			path = Features;
			sourceTree = "<group>";
		};
		88991A2F27C84AFB008A6EDD /* Login */ = {
			isa = PBXGroup;
			children = (
				88991A3027C84AFB008A6EDD /* LoginVCViewController.swift */,
				889715F727E3D9FF00BEB9E5 /* ForgotPasswordViewController.swift */,
				88991A3127C84AFB008A6EDD /* LoginVC.storyboard */,
			);
			path = Login;
			sourceTree = "<group>";
		};
		88991A3427C84EB1008A6EDD /* Cadastro */ = {
			isa = PBXGroup;
			children = (
				88991A3527C84EB1008A6EDD /* CadastroVC.swift */,
				88991A3627C84EB1008A6EDD /* CadastroVC.storyboard */,
			);
			path = Cadastro;
			sourceTree = "<group>";
		};
		88991A3927C84FD3008A6EDD /* TabBarController */ = {
			isa = PBXGroup;
			children = (
				88991A3A27C84FD3008A6EDD /* TabBar.storyboard */,
			);
			path = TabBarController;
			sourceTree = "<group>";
		};
		88B2861927DB997F006642F0 /* Tela de Erro */ = {
			isa = PBXGroup;
			children = (
				888AE5C227EE5FAB00B32610 /* Cell */,
				88B2861A27DB99B8006642F0 /* ErroVC.storyboard */,
				88B2861C27DB99C1006642F0 /* ErroVC.swift */,
			);
			path = "Tela de Erro";
			sourceTree = "<group>";
		};
		88F8880C27C6D8A70038CA2D /* BaseViewController */ = {
			isa = PBXGroup;
			children = (
				88F8880D27C6D8C80038CA2D /* BaseViewController.swift */,
			);
			path = BaseViewController;
			sourceTree = "<group>";
		};
		B505EB5C27E3763800902EDC /* Chat */ = {
			isa = PBXGroup;
			children = (
				B505EB5D27E3765C00902EDC /* Cells */,
				B505EB6427E3786D00902EDC /* MessageViewController.swift */,
				B505EB6627E3789B00902EDC /* MessageVC.storyboard */,
				B519183327E3901A001D396F /* NotificacaoViewController.swift */,
			);
			path = Chat;
			sourceTree = "<group>";
		};
		B505EB5D27E3765C00902EDC /* Cells */ = {
			isa = PBXGroup;
			children = (
				B519183027E38F22001D396F /* NotificacaoTableViewCell.swift */,
				B519182F27E38F22001D396F /* NotificacaoTableViewCell.xib */,
				B505EB5E27E376CC00902EDC /* MessageTableViewCell.swift */,
				B505EB6227E3774A00902EDC /* MessageTableViewCell.xib */,
			);
			path = Cells;
			sourceTree = "<group>";
		};
		D52FB76B27CD1BC900EBF270 /* Detalhe */ = {
			isa = PBXGroup;
			children = (
				D52FB76C27CD1C1400EBF270 /* Detalhe.storyboard */,
				D52FB76E27CD1C6B00EBF270 /* DetalheViewController.swift */,
				D55B9E7327E0E5C400D4D961 /* PetCollectionViewCell.xib */,
				D55B9E7227E0E5C400D4D961 /* PetCollectionViewCell.swift */,
				D55B9ED427E2597B00D4D961 /* SemPetsCadastrados.xib */,
				D55B9E7A27E12BA500D4D961 /* PetsCadastradosViewController.swift */,
				D55B9E8027E139E500D4D961 /* SemPetsFavoritosView.xib */,
				D55B9E7827E12B9200D4D961 /* FavoritosViewController.swift */,
				D55B9ED827E25CB300D4D961 /* PetNaoEncontradoFiltro.xib */,
				D55B9E7627E0F17000D4D961 /* QueroAdotarViewController.swift */,
				D55B9EDA27E28EA600D4D961 /* FiltroViewController.swift */,
			);
			path = Detalhe;
			sourceTree = "<group>";
		};
/* End PBXGroup section */

/* Begin PBXNativeTarget section */
		8810040F27C45BF4002631AD /* iPet */ = {
			isa = PBXNativeTarget;
			buildConfigurationList = 8810042427C45BF5002631AD /* Build configuration list for PBXNativeTarget "iPet" */;
			buildPhases = (
				8810040C27C45BF4002631AD /* Sources */,
				8810040D27C45BF4002631AD /* Frameworks */,
				8810040E27C45BF4002631AD /* Resources */,
			);
			buildRules = (
			);
			dependencies = (
			);
			name = iPet;
			productName = iPet;
			productReference = 8810041027C45BF4002631AD /* iPet.app */;
			productType = "com.apple.product-type.application";
		};
/* End PBXNativeTarget section */

/* Begin PBXProject section */
		8810040827C45BF4002631AD /* Project object */ = {
			isa = PBXProject;
			attributes = {
				BuildIndependentTargetsInParallel = 1;
				LastSwiftUpdateCheck = 1320;
				LastUpgradeCheck = 1320;
				TargetAttributes = {
					8810040F27C45BF4002631AD = {
						CreatedOnToolsVersion = 13.2.1;
					};
				};
			};
			buildConfigurationList = 8810040B27C45BF4002631AD /* Build configuration list for PBXProject "iPet" */;
			compatibilityVersion = "Xcode 13.0";
			developmentRegion = en;
			hasScannedForEncodings = 0;
			knownRegions = (
				en,
				Base,
			);
			mainGroup = 8810040727C45BF4002631AD;
			productRefGroup = 8810041127C45BF4002631AD /* Products */;
			projectDirPath = "";
			projectRoot = "";
			targets = (
				8810040F27C45BF4002631AD /* iPet */,
			);
		};
/* End PBXProject section */

/* Begin PBXResourcesBuildPhase section */
		8810040E27C45BF4002631AD /* Resources */ = {
			isa = PBXResourcesBuildPhase;
			buildActionMask = 2147483647;
			files = (
				D52FB76D27CD1C1400EBF270 /* Detalhe.storyboard in Resources */,
				88991A3B27C84FD3008A6EDD /* TabBar.storyboard in Resources */,
				886B462827DF5A79009F572A /* CadastroDoacaoTableViewCell.xib in Resources */,
				88B2861B27DB99B8006642F0 /* ErroVC.storyboard in Resources */,
				886B462C27DF6327009F572A /* CadastroDoacaoVC.storyboard in Resources */,
				8894500727DA264500FAD8DD /* ProfileViewController.storyboard in Resources */,
				D55B9E8127E139E500D4D961 /* SemPetsFavoritosView.xib in Resources */,
				8810042027C45BF5002631AD /* LaunchScreen.storyboard in Resources */,
				D55B9ED527E2597B00D4D961 /* SemPetsCadastrados.xib in Resources */,
				B505EB6727E3789B00902EDC /* MessageVC.storyboard in Resources */,
				8810041D27C45BF5002631AD /* Assets.xcassets in Resources */,
				8894500327DA1FD500FAD8DD /* ProfileCell.xib in Resources */,
				B519183127E38F22001D396F /* NotificacaoTableViewCell.xib in Resources */,
				8826474527D9857E00A275C0 /* HomeVC.storyboard in Resources */,
				889715F627E3A0EE00BEB9E5 /* PicCadastroDoacaoTableViewCell.xib in Resources */,
				88991A3827C84EB1008A6EDD /* CadastroVC.storyboard in Resources */,
				8826474027D984B600A275C0 /* HomeCell.xib in Resources */,
				88991A3327C84AFB008A6EDD /* LoginVC.storyboard in Resources */,
				D55B9E7527E0E5C400D4D961 /* PetCollectionViewCell.xib in Resources */,
				B505EB6327E3774A00902EDC /* MessageTableViewCell.xib in Resources */,
				888AE5C627EE5FC000B32610 /* ErrorTableViewCell.xib in Resources */,
				D55B9ED927E25CB300D4D961 /* PetNaoEncontradoFiltro.xib in Resources */,
			);
			runOnlyForDeploymentPostprocessing = 0;
		};
/* End PBXResourcesBuildPhase section */

/* Begin PBXSourcesBuildPhase section */
		8810040C27C45BF4002631AD /* Sources */ = {
			isa = PBXSourcesBuildPhase;
			buildActionMask = 2147483647;
			files = (
				886B462727DF5A79009F572A /* CadastroDoacaoTableViewCell.swift in Sources */,
				D55B9E7B27E12BA500D4D961 /* PetsCadastradosViewController.swift in Sources */,
				888AE5C527EE5FC000B32610 /* ErrorTableViewCell.swift in Sources */,
				D55B9EDB27E28EA600D4D961 /* FiltroViewController.swift in Sources */,
				D55B9E7727E0F17000D4D961 /* QueroAdotarViewController.swift in Sources */,
				B505EB6527E3786D00902EDC /* MessageViewController.swift in Sources */,
				88991A3227C84AFB008A6EDD /* LoginVCViewController.swift in Sources */,
				8826474227D9856700A275C0 /* HomeVC.swift in Sources */,
				88F8880E27C6D8C80038CA2D /* BaseViewController.swift in Sources */,
				D52FB76F27CD1C6B00EBF270 /* DetalheViewController.swift in Sources */,
				88991A3727C84EB1008A6EDD /* CadastroVC.swift in Sources */,
				88B2861D27DB99C1006642F0 /* ErroVC.swift in Sources */,
				889715F827E3D9FF00BEB9E5 /* ForgotPasswordViewController.swift in Sources */,
				886B462A27DF631D009F572A /* CadastroDoacaoVC.swift in Sources */,
				8894500527DA263B00FAD8DD /* ProfileViewController.swift in Sources */,
				8810041427C45BF4002631AD /* AppDelegate.swift in Sources */,
				889715F527E3A0EE00BEB9E5 /* PicCadastroDoacaoTableViewCell.swift in Sources */,
				B505EB6027E376CC00902EDC /* MessageTableViewCell.swift in Sources */,
				8826473F27D984B600A275C0 /* HomeCell.swift in Sources */,
				8810041627C45BF4002631AD /* SceneDelegate.swift in Sources */,
				B519183427E3901A001D396F /* NotificacaoViewController.swift in Sources */,
				8894500227DA1FD500FAD8DD /* ProfileCell.swift in Sources */,
				B519183227E38F22001D396F /* NotificacaoTableViewCell.swift in Sources */,
				D55B9E7427E0E5C400D4D961 /* PetCollectionViewCell.swift in Sources */,
				8810041627C45BF4002631AD /* SceneDelegate.swift in Sources */,
				D55B9E7927E12B9200D4D961 /* FavoritosViewController.swift in Sources */,
			);
			runOnlyForDeploymentPostprocessing = 0;
		};
/* End PBXSourcesBuildPhase section */

/* Begin PBXVariantGroup section */
		8810041E27C45BF5002631AD /* LaunchScreen.storyboard */ = {
			isa = PBXVariantGroup;
			children = (
				8810041F27C45BF5002631AD /* Base */,
			);
			name = LaunchScreen.storyboard;
			sourceTree = "<group>";
		};
/* End PBXVariantGroup section */

/* Begin XCBuildConfiguration section */
		8810042227C45BF5002631AD /* Debug */ = {
			isa = XCBuildConfiguration;
			buildSettings = {
				ALWAYS_SEARCH_USER_PATHS = NO;
				CLANG_ANALYZER_NONNULL = YES;
				CLANG_ANALYZER_NUMBER_OBJECT_CONVERSION = YES_AGGRESSIVE;
				CLANG_CXX_LANGUAGE_STANDARD = "gnu++17";
				CLANG_CXX_LIBRARY = "libc++";
				CLANG_ENABLE_MODULES = YES;
				CLANG_ENABLE_OBJC_ARC = YES;
				CLANG_ENABLE_OBJC_WEAK = YES;
				CLANG_WARN_BLOCK_CAPTURE_AUTORELEASING = YES;
				CLANG_WARN_BOOL_CONVERSION = YES;
				CLANG_WARN_COMMA = YES;
				CLANG_WARN_CONSTANT_CONVERSION = YES;
				CLANG_WARN_DEPRECATED_OBJC_IMPLEMENTATIONS = YES;
				CLANG_WARN_DIRECT_OBJC_ISA_USAGE = YES_ERROR;
				CLANG_WARN_DOCUMENTATION_COMMENTS = YES;
				CLANG_WARN_EMPTY_BODY = YES;
				CLANG_WARN_ENUM_CONVERSION = YES;
				CLANG_WARN_INFINITE_RECURSION = YES;
				CLANG_WARN_INT_CONVERSION = YES;
				CLANG_WARN_NON_LITERAL_NULL_CONVERSION = YES;
				CLANG_WARN_OBJC_IMPLICIT_RETAIN_SELF = YES;
				CLANG_WARN_OBJC_LITERAL_CONVERSION = YES;
				CLANG_WARN_OBJC_ROOT_CLASS = YES_ERROR;
				CLANG_WARN_QUOTED_INCLUDE_IN_FRAMEWORK_HEADER = YES;
				CLANG_WARN_RANGE_LOOP_ANALYSIS = YES;
				CLANG_WARN_STRICT_PROTOTYPES = YES;
				CLANG_WARN_SUSPICIOUS_MOVE = YES;
				CLANG_WARN_UNGUARDED_AVAILABILITY = YES_AGGRESSIVE;
				CLANG_WARN_UNREACHABLE_CODE = YES;
				CLANG_WARN__DUPLICATE_METHOD_MATCH = YES;
				COPY_PHASE_STRIP = NO;
				DEBUG_INFORMATION_FORMAT = dwarf;
				ENABLE_STRICT_OBJC_MSGSEND = YES;
				ENABLE_TESTABILITY = YES;
				GCC_C_LANGUAGE_STANDARD = gnu11;
				GCC_DYNAMIC_NO_PIC = NO;
				GCC_NO_COMMON_BLOCKS = YES;
				GCC_OPTIMIZATION_LEVEL = 0;
				GCC_PREPROCESSOR_DEFINITIONS = (
					"DEBUG=1",
					"$(inherited)",
				);
				GCC_WARN_64_TO_32_BIT_CONVERSION = YES;
				GCC_WARN_ABOUT_RETURN_TYPE = YES_ERROR;
				GCC_WARN_UNDECLARED_SELECTOR = YES;
				GCC_WARN_UNINITIALIZED_AUTOS = YES_AGGRESSIVE;
				GCC_WARN_UNUSED_FUNCTION = YES;
				GCC_WARN_UNUSED_VARIABLE = YES;
				IPHONEOS_DEPLOYMENT_TARGET = 15.2;
				MTL_ENABLE_DEBUG_INFO = INCLUDE_SOURCE;
				MTL_FAST_MATH = YES;
				ONLY_ACTIVE_ARCH = YES;
				SDKROOT = iphoneos;
				SWIFT_ACTIVE_COMPILATION_CONDITIONS = DEBUG;
				SWIFT_OPTIMIZATION_LEVEL = "-Onone";
			};
			name = Debug;
		};
		8810042327C45BF5002631AD /* Release */ = {
			isa = XCBuildConfiguration;
			buildSettings = {
				ALWAYS_SEARCH_USER_PATHS = NO;
				CLANG_ANALYZER_NONNULL = YES;
				CLANG_ANALYZER_NUMBER_OBJECT_CONVERSION = YES_AGGRESSIVE;
				CLANG_CXX_LANGUAGE_STANDARD = "gnu++17";
				CLANG_CXX_LIBRARY = "libc++";
				CLANG_ENABLE_MODULES = YES;
				CLANG_ENABLE_OBJC_ARC = YES;
				CLANG_ENABLE_OBJC_WEAK = YES;
				CLANG_WARN_BLOCK_CAPTURE_AUTORELEASING = YES;
				CLANG_WARN_BOOL_CONVERSION = YES;
				CLANG_WARN_COMMA = YES;
				CLANG_WARN_CONSTANT_CONVERSION = YES;
				CLANG_WARN_DEPRECATED_OBJC_IMPLEMENTATIONS = YES;
				CLANG_WARN_DIRECT_OBJC_ISA_USAGE = YES_ERROR;
				CLANG_WARN_DOCUMENTATION_COMMENTS = YES;
				CLANG_WARN_EMPTY_BODY = YES;
				CLANG_WARN_ENUM_CONVERSION = YES;
				CLANG_WARN_INFINITE_RECURSION = YES;
				CLANG_WARN_INT_CONVERSION = YES;
				CLANG_WARN_NON_LITERAL_NULL_CONVERSION = YES;
				CLANG_WARN_OBJC_IMPLICIT_RETAIN_SELF = YES;
				CLANG_WARN_OBJC_LITERAL_CONVERSION = YES;
				CLANG_WARN_OBJC_ROOT_CLASS = YES_ERROR;
				CLANG_WARN_QUOTED_INCLUDE_IN_FRAMEWORK_HEADER = YES;
				CLANG_WARN_RANGE_LOOP_ANALYSIS = YES;
				CLANG_WARN_STRICT_PROTOTYPES = YES;
				CLANG_WARN_SUSPICIOUS_MOVE = YES;
				CLANG_WARN_UNGUARDED_AVAILABILITY = YES_AGGRESSIVE;
				CLANG_WARN_UNREACHABLE_CODE = YES;
				CLANG_WARN__DUPLICATE_METHOD_MATCH = YES;
				COPY_PHASE_STRIP = NO;
				DEBUG_INFORMATION_FORMAT = "dwarf-with-dsym";
				ENABLE_NS_ASSERTIONS = NO;
				ENABLE_STRICT_OBJC_MSGSEND = YES;
				GCC_C_LANGUAGE_STANDARD = gnu11;
				GCC_NO_COMMON_BLOCKS = YES;
				GCC_WARN_64_TO_32_BIT_CONVERSION = YES;
				GCC_WARN_ABOUT_RETURN_TYPE = YES_ERROR;
				GCC_WARN_UNDECLARED_SELECTOR = YES;
				GCC_WARN_UNINITIALIZED_AUTOS = YES_AGGRESSIVE;
				GCC_WARN_UNUSED_FUNCTION = YES;
				GCC_WARN_UNUSED_VARIABLE = YES;
				IPHONEOS_DEPLOYMENT_TARGET = 15.2;
				MTL_ENABLE_DEBUG_INFO = NO;
				MTL_FAST_MATH = YES;
				SDKROOT = iphoneos;
				SWIFT_COMPILATION_MODE = wholemodule;
				SWIFT_OPTIMIZATION_LEVEL = "-O";
				VALIDATE_PRODUCT = YES;
			};
			name = Release;
		};
		8810042527C45BF5002631AD /* Debug */ = {
			isa = XCBuildConfiguration;
			buildSettings = {
				ASSETCATALOG_COMPILER_APPICON_NAME = AppIcon;
				ASSETCATALOG_COMPILER_GLOBAL_ACCENT_COLOR_NAME = AccentColor;
				CODE_SIGN_STYLE = Automatic;
				CURRENT_PROJECT_VERSION = 1;
				GENERATE_INFOPLIST_FILE = YES;
				INFOPLIST_FILE = iPet/Info.plist;
				INFOPLIST_KEY_UIApplicationSupportsIndirectInputEvents = YES;
				INFOPLIST_KEY_UILaunchStoryboardName = LaunchScreen;
				INFOPLIST_KEY_UIMainStoryboardFile = LoginVC;
				INFOPLIST_KEY_UISupportedInterfaceOrientations = UIInterfaceOrientationPortrait;
				INFOPLIST_KEY_UISupportedInterfaceOrientations_iPad = "UIInterfaceOrientationPortrait UIInterfaceOrientationPortraitUpsideDown UIInterfaceOrientationLandscapeLeft UIInterfaceOrientationLandscapeRight";
				INFOPLIST_KEY_UISupportedInterfaceOrientations_iPhone = "UIInterfaceOrientationPortrait UIInterfaceOrientationLandscapeLeft UIInterfaceOrientationLandscapeRight";
				IPHONEOS_DEPLOYMENT_TARGET = 15.0;
				LD_RUNPATH_SEARCH_PATHS = (
					"$(inherited)",
					"@executable_path/Frameworks",
				);
				MARKETING_VERSION = 1.0;
				PRODUCT_BUNDLE_IDENTIFIER = com.devbrunolopes.iPet;
				PRODUCT_NAME = "$(TARGET_NAME)";
				SWIFT_EMIT_LOC_STRINGS = YES;
				SWIFT_VERSION = 5.0;
				TARGETED_DEVICE_FAMILY = 1;
			};
			name = Debug;
		};
		8810042627C45BF5002631AD /* Release */ = {
			isa = XCBuildConfiguration;
			buildSettings = {
				ASSETCATALOG_COMPILER_APPICON_NAME = AppIcon;
				ASSETCATALOG_COMPILER_GLOBAL_ACCENT_COLOR_NAME = AccentColor;
				CODE_SIGN_STYLE = Automatic;
				CURRENT_PROJECT_VERSION = 1;
				GENERATE_INFOPLIST_FILE = YES;
				INFOPLIST_FILE = iPet/Info.plist;
				INFOPLIST_KEY_UIApplicationSupportsIndirectInputEvents = YES;
				INFOPLIST_KEY_UILaunchStoryboardName = LaunchScreen;
				INFOPLIST_KEY_UIMainStoryboardFile = LoginVC;
				INFOPLIST_KEY_UISupportedInterfaceOrientations = UIInterfaceOrientationPortrait;
				INFOPLIST_KEY_UISupportedInterfaceOrientations_iPad = "UIInterfaceOrientationPortrait UIInterfaceOrientationPortraitUpsideDown UIInterfaceOrientationLandscapeLeft UIInterfaceOrientationLandscapeRight";
				INFOPLIST_KEY_UISupportedInterfaceOrientations_iPhone = "UIInterfaceOrientationPortrait UIInterfaceOrientationLandscapeLeft UIInterfaceOrientationLandscapeRight";
				IPHONEOS_DEPLOYMENT_TARGET = 15.0;
				LD_RUNPATH_SEARCH_PATHS = (
					"$(inherited)",
					"@executable_path/Frameworks",
				);
				MARKETING_VERSION = 1.0;
				PRODUCT_BUNDLE_IDENTIFIER = com.devbrunolopes.iPet;
				PRODUCT_NAME = "$(TARGET_NAME)";
				SWIFT_EMIT_LOC_STRINGS = YES;
				SWIFT_VERSION = 5.0;
				TARGETED_DEVICE_FAMILY = 1;
			};
			name = Release;
		};
/* End XCBuildConfiguration section */

/* Begin XCConfigurationList section */
		8810040B27C45BF4002631AD /* Build configuration list for PBXProject "iPet" */ = {
			isa = XCConfigurationList;
			buildConfigurations = (
				8810042227C45BF5002631AD /* Debug */,
				8810042327C45BF5002631AD /* Release */,
			);
			defaultConfigurationIsVisible = 0;
			defaultConfigurationName = Release;
		};
		8810042427C45BF5002631AD /* Build configuration list for PBXNativeTarget "iPet" */ = {
			isa = XCConfigurationList;
			buildConfigurations = (
				8810042527C45BF5002631AD /* Debug */,
				8810042627C45BF5002631AD /* Release */,
			);
			defaultConfigurationIsVisible = 0;
			defaultConfigurationName = Release;
		};
/* End XCConfigurationList section */
	};
	rootObject = 8810040827C45BF4002631AD /* Project object */;
}
